
Microsoft Visual Studio Solution File, Format Version 11.00
# Visual Studio 2010
Project("{FAE04EC0-301F-11D3-BF4B-00C04F79EFBC}") = "MorphApp", "MorphApp\MorphApp.csproj", "{1CCB2909-8F08-4484-BB87-1C216097D85E}"
EndProject
Project("{FAE04EC0-301F-11D3-BF4B-00C04F79EFBC}") = "LexiconFX", "D:\Work\Framework\RussianGrammaticalDictionary64\demo\ai\solarix\Grammar_Engine\LexiconFX\LexiconFX.csproj", "{AEC798F0-8CDD-4B21-BCF5-56E04F0F7C3D}"
EndProject
Project("{FAE04EC0-301F-11D3-BF4B-00C04F79EFBC}") = "HWClient", "HWClient\HWClient.csproj", "{02D630BA-B8D2-48E3-95FB-D93A2D9292EE}"
EndProject
Project("{FAE04EC0-301F-11D3-BF4B-00C04F79EFBC}") = "HWServer", "HWServer\HWServer.csproj", "{0387147C-6DA1-4BF6-AE27-EAAAEF53648B}"
EndProject
Project("{FAE04EC0-301F-11D3-BF4B-00C04F79EFBC}") = "MorphMQserver", "MorphMQserver\MorphMQserver.csproj", "{21414791-ED7C-4C00-9CEE-9C917AA24AB4}"
EndProject
Project("{FAE04EC0-301F-11D3-BF4B-00C04F79EFBC}") = "TestFlatBuf", "TestFlatBuf\TestFlatBuf.csproj", "{A9C5CD00-4114-48E0-B7D5-1DD75CAE5DE4}"
EndProject
Project("{FAE04EC0-301F-11D3-BF4B-00C04F79EFBC}") = "Schemas", "Schemas\Schemas.csproj", "{BF7809E6-3E9D-49FC-888D-6D0C7187CC5B}"
EndProject
Project("{FAE04EC0-301F-11D3-BF4B-00C04F79EFBC}") = "TestSQLite", "TestSQLite\TestSQLite.csproj", "{E4437B9E-B444-4549-BCE6-F0D6BCD5E920}"
EndProject
Project("{FAE04EC0-301F-11D3-BF4B-00C04F79EFBC}") = "dbMQserver", "dbMQserver\dbMQserver.csproj", "{A2E884DE-0511-4982-BFE5-930BBC658AB7}"
EndProject
Project("{FAE04EC0-301F-11D3-BF4B-00C04F79EFBC}") = "sgBroker", "sgBroker\sgBroker.csproj", "{CE2EC111-01CE-4860-9243-798E7AAD083C}"
EndProject
Global
	GlobalSection(SolutionConfigurationPlatforms) = preSolution
		Debug|Any CPU = Debug|Any CPU
		Debug|Mixed Platforms = Debug|Mixed Platforms
		Debug|x64 = Debug|x64
		Debug|x86 = Debug|x86
		Release|Any CPU = Release|Any CPU
		Release|Mixed Platforms = Release|Mixed Platforms
		Release|x64 = Release|x64
		Release|x86 = Release|x86
	EndGlobalSection
	GlobalSection(ProjectConfigurationPlatforms) = postSolution
		{1CCB2909-8F08-4484-BB87-1C216097D85E}.Debug|Any CPU.ActiveCfg = Debug|x86
		{1CCB2909-8F08-4484-BB87-1C216097D85E}.Debug|Mixed Platforms.ActiveCfg = Debug|x86
		{1CCB2909-8F08-4484-BB87-1C216097D85E}.Debug|Mixed Platforms.Build.0 = Debug|x86
		{1CCB2909-8F08-4484-BB87-1C216097D85E}.Debug|x64.ActiveCfg = Debug|x64
		{1CCB2909-8F08-4484-BB87-1C216097D85E}.Debug|x86.ActiveCfg = Debug|x86
		{1CCB2909-8F08-4484-BB87-1C216097D85E}.Debug|x86.Build.0 = Debug|x86
		{1CCB2909-8F08-4484-BB87-1C216097D85E}.Release|Any CPU.ActiveCfg = Release|x86
		{1CCB2909-8F08-4484-BB87-1C216097D85E}.Release|Mixed Platforms.ActiveCfg = Release|x86
		{1CCB2909-8F08-4484-BB87-1C216097D85E}.Release|Mixed Platforms.Build.0 = Release|x86
		{1CCB2909-8F08-4484-BB87-1C216097D85E}.Release|x64.ActiveCfg = Release|x64
		{1CCB2909-8F08-4484-BB87-1C216097D85E}.Release|x86.ActiveCfg = Release|x86
		{1CCB2909-8F08-4484-BB87-1C216097D85E}.Release|x86.Build.0 = Release|x86
		{AEC798F0-8CDD-4B21-BCF5-56E04F0F7C3D}.Debug|Any CPU.ActiveCfg = Debug|Any CPU
		{AEC798F0-8CDD-4B21-BCF5-56E04F0F7C3D}.Debug|Any CPU.Build.0 = Debug|Any CPU
		{AEC798F0-8CDD-4B21-BCF5-56E04F0F7C3D}.Debug|Mixed Platforms.ActiveCfg = Debug|Any CPU
		{AEC798F0-8CDD-4B21-BCF5-56E04F0F7C3D}.Debug|Mixed Platforms.Build.0 = Debug|Any CPU
		{AEC798F0-8CDD-4B21-BCF5-56E04F0F7C3D}.Debug|x64.ActiveCfg = Debug|Any CPU
		{AEC798F0-8CDD-4B21-BCF5-56E04F0F7C3D}.Debug|x86.ActiveCfg = Debug|Any CPU
		{AEC798F0-8CDD-4B21-BCF5-56E04F0F7C3D}.Release|Any CPU.ActiveCfg = Release|Any CPU
		{AEC798F0-8CDD-4B21-BCF5-56E04F0F7C3D}.Release|Any CPU.Build.0 = Release|Any CPU
		{AEC798F0-8CDD-4B21-BCF5-56E04F0F7C3D}.Release|Mixed Platforms.ActiveCfg = Release|Any CPU
		{AEC798F0-8CDD-4B21-BCF5-56E04F0F7C3D}.Release|Mixed Platforms.Build.0 = Release|Any CPU
		{AEC798F0-8CDD-4B21-BCF5-56E04F0F7C3D}.Release|x64.ActiveCfg = Release|Any CPU
		{AEC798F0-8CDD-4B21-BCF5-56E04F0F7C3D}.Release|x86.ActiveCfg = Release|Any CPU
		{02D630BA-B8D2-48E3-95FB-D93A2D9292EE}.Debug|Any CPU.ActiveCfg = Debug|x86
		{02D630BA-B8D2-48E3-95FB-D93A2D9292EE}.Debug|Mixed Platforms.ActiveCfg = Debug|x86
		{02D630BA-B8D2-48E3-95FB-D93A2D9292EE}.Debug|Mixed Platforms.Build.0 = Debug|x86
		{02D630BA-B8D2-48E3-95FB-D93A2D9292EE}.Debug|x64.ActiveCfg = Debug|x64
		{02D630BA-B8D2-48E3-95FB-D93A2D9292EE}.Debug|x86.ActiveCfg = Debug|x86
		{02D630BA-B8D2-48E3-95FB-D93A2D9292EE}.Debug|x86.Build.0 = Debug|x86
		{02D630BA-B8D2-48E3-95FB-D93A2D9292EE}.Release|Any CPU.ActiveCfg = Release|x86
		{02D630BA-B8D2-48E3-95FB-D93A2D9292EE}.Release|Mixed Platforms.ActiveCfg = Release|x86
		{02D630BA-B8D2-48E3-95FB-D93A2D9292EE}.Release|Mixed Platforms.Build.0 = Release|x86
		{02D630BA-B8D2-48E3-95FB-D93A2D9292EE}.Release|x64.ActiveCfg = Release|x64
		{02D630BA-B8D2-48E3-95FB-D93A2D9292EE}.Release|x86.ActiveCfg = Release|x86
		{02D630BA-B8D2-48E3-95FB-D93A2D9292EE}.Release|x86.Build.0 = Release|x86
		{0387147C-6DA1-4BF6-AE27-EAAAEF53648B}.Debug|Any CPU.ActiveCfg = Debug|x86
		{0387147C-6DA1-4BF6-AE27-EAAAEF53648B}.Debug|Mixed Platforms.ActiveCfg = Debug|x86
		{0387147C-6DA1-4BF6-AE27-EAAAEF53648B}.Debug|Mixed Platforms.Build.0 = Debug|x86
		{0387147C-6DA1-4BF6-AE27-EAAAEF53648B}.Debug|x64.ActiveCfg = Debug|x64
		{0387147C-6DA1-4BF6-AE27-EAAAEF53648B}.Debug|x86.ActiveCfg = Debug|x86
		{0387147C-6DA1-4BF6-AE27-EAAAEF53648B}.Debug|x86.Build.0 = Debug|x86
		{0387147C-6DA1-4BF6-AE27-EAAAEF53648B}.Release|Any CPU.ActiveCfg = Release|x86
		{0387147C-6DA1-4BF6-AE27-EAAAEF53648B}.Release|Mixed Platforms.ActiveCfg = Release|x86
		{0387147C-6DA1-4BF6-AE27-EAAAEF53648B}.Release|Mixed Platforms.Build.0 = Release|x86
		{0387147C-6DA1-4BF6-AE27-EAAAEF53648B}.Release|x64.ActiveCfg = Release|x64
		{0387147C-6DA1-4BF6-AE27-EAAAEF53648B}.Release|x86.ActiveCfg = Release|x86
		{0387147C-6DA1-4BF6-AE27-EAAAEF53648B}.Release|x86.Build.0 = Release|x86
		{21414791-ED7C-4C00-9CEE-9C917AA24AB4}.Debug|Any CPU.ActiveCfg = Debug|x86
		{21414791-ED7C-4C00-9CEE-9C917AA24AB4}.Debug|Mixed Platforms.ActiveCfg = Debug|x86
		{21414791-ED7C-4C00-9CEE-9C917AA24AB4}.Debug|Mixed Platforms.Build.0 = Debug|x86
		{21414791-ED7C-4C00-9CEE-9C917AA24AB4}.Debug|x64.ActiveCfg = Debug|x64
		{21414791-ED7C-4C00-9CEE-9C917AA24AB4}.Debug|x86.ActiveCfg = Debug|x86
		{21414791-ED7C-4C00-9CEE-9C917AA24AB4}.Debug|x86.Build.0 = Debug|x86
		{21414791-ED7C-4C00-9CEE-9C917AA24AB4}.Release|Any CPU.ActiveCfg = Release|x86
		{21414791-ED7C-4C00-9CEE-9C917AA24AB4}.Release|Mixed Platforms.ActiveCfg = Release|x86
		{21414791-ED7C-4C00-9CEE-9C917AA24AB4}.Release|Mixed Platforms.Build.0 = Release|x86
		{21414791-ED7C-4C00-9CEE-9C917AA24AB4}.Release|x64.ActiveCfg = Release|x64
		{21414791-ED7C-4C00-9CEE-9C917AA24AB4}.Release|x86.ActiveCfg = Release|x86
		{21414791-ED7C-4C00-9CEE-9C917AA24AB4}.Release|x86.Build.0 = Release|x86
		{A9C5CD00-4114-48E0-B7D5-1DD75CAE5DE4}.Debug|Any CPU.ActiveCfg = Debug|x86
		{A9C5CD00-4114-48E0-B7D5-1DD75CAE5DE4}.Debug|Mixed Platforms.ActiveCfg = Debug|x86
		{A9C5CD00-4114-48E0-B7D5-1DD75CAE5DE4}.Debug|Mixed Platforms.Build.0 = Debug|x86
		{A9C5CD00-4114-48E0-B7D5-1DD75CAE5DE4}.Debug|x64.ActiveCfg = Debug|x64
		{A9C5CD00-4114-48E0-B7D5-1DD75CAE5DE4}.Debug|x86.ActiveCfg = Debug|x86
		{A9C5CD00-4114-48E0-B7D5-1DD75CAE5DE4}.Debug|x86.Build.0 = Debug|x86
		{A9C5CD00-4114-48E0-B7D5-1DD75CAE5DE4}.Release|Any CPU.ActiveCfg = Release|x86
		{A9C5CD00-4114-48E0-B7D5-1DD75CAE5DE4}.Release|Mixed Platforms.ActiveCfg = Release|x86
		{A9C5CD00-4114-48E0-B7D5-1DD75CAE5DE4}.Release|Mixed Platforms.Build.0 = Release|x86
		{A9C5CD00-4114-48E0-B7D5-1DD75CAE5DE4}.Release|x64.ActiveCfg = Release|x64
		{A9C5CD00-4114-48E0-B7D5-1DD75CAE5DE4}.Release|x86.ActiveCfg = Release|x86
		{A9C5CD00-4114-48E0-B7D5-1DD75CAE5DE4}.Release|x86.Build.0 = Release|x86
		{BF7809E6-3E9D-49FC-888D-6D0C7187CC5B}.Debug|Any CPU.ActiveCfg = Debug|Any CPU
		{BF7809E6-3E9D-49FC-888D-6D0C7187CC5B}.Debug|Any CPU.Build.0 = Debug|Any CPU
		{BF7809E6-3E9D-49FC-888D-6D0C7187CC5B}.Debug|Mixed Platforms.ActiveCfg = Debug|Any CPU
		{BF7809E6-3E9D-49FC-888D-6D0C7187CC5B}.Debug|Mixed Platforms.Build.0 = Debug|Any CPU
		{BF7809E6-3E9D-49FC-888D-6D0C7187CC5B}.Debug|x64.ActiveCfg = Debug|x64
		{BF7809E6-3E9D-49FC-888D-6D0C7187CC5B}.Debug|x64.Build.0 = Debug|x64
		{BF7809E6-3E9D-49FC-888D-6D0C7187CC5B}.Debug|x86.ActiveCfg = Debug|Any CPU
		{BF7809E6-3E9D-49FC-888D-6D0C7187CC5B}.Release|Any CPU.ActiveCfg = Release|Any CPU
		{BF7809E6-3E9D-49FC-888D-6D0C7187CC5B}.Release|Any CPU.Build.0 = Release|Any CPU
		{BF7809E6-3E9D-49FC-888D-6D0C7187CC5B}.Release|Mixed Platforms.ActiveCfg = Release|Any CPU
		{BF7809E6-3E9D-49FC-888D-6D0C7187CC5B}.Release|Mixed Platforms.Build.0 = Release|Any CPU
		{BF7809E6-3E9D-49FC-888D-6D0C7187CC5B}.Release|x64.ActiveCfg = Release|x64
		{BF7809E6-3E9D-49FC-888D-6D0C7187CC5B}.Release|x64.Build.0 = Release|x64
		{BF7809E6-3E9D-49FC-888D-6D0C7187CC5B}.Release|x86.ActiveCfg = Release|Any CPU
		{E4437B9E-B444-4549-BCE6-F0D6BCD5E920}.Debug|Any CPU.ActiveCfg = Debug|x86
		{E4437B9E-B444-4549-BCE6-F0D6BCD5E920}.Debug|Mixed Platforms.ActiveCfg = Debug|x86
		{E4437B9E-B444-4549-BCE6-F0D6BCD5E920}.Debug|Mixed Platforms.Build.0 = Debug|x86
		{E4437B9E-B444-4549-BCE6-F0D6BCD5E920}.Debug|x64.ActiveCfg = Debug|x86
		{E4437B9E-B444-4549-BCE6-F0D6BCD5E920}.Debug|x86.ActiveCfg = Debug|x86
		{E4437B9E-B444-4549-BCE6-F0D6BCD5E920}.Debug|x86.Build.0 = Debug|x86
		{E4437B9E-B444-4549-BCE6-F0D6BCD5E920}.Release|Any CPU.ActiveCfg = Release|x86
		{E4437B9E-B444-4549-BCE6-F0D6BCD5E920}.Release|Mixed Platforms.ActiveCfg = Release|x86
		{E4437B9E-B444-4549-BCE6-F0D6BCD5E920}.Release|Mixed Platforms.Build.0 = Release|x86
		{E4437B9E-B444-4549-BCE6-F0D6BCD5E920}.Release|x64.ActiveCfg = Release|x86
		{E4437B9E-B444-4549-BCE6-F0D6BCD5E920}.Release|x86.ActiveCfg = Release|x86
		{E4437B9E-B444-4549-BCE6-F0D6BCD5E920}.Release|x86.Build.0 = Release|x86
		{A2E884DE-0511-4982-BFE5-930BBC658AB7}.Debug|Any CPU.ActiveCfg = Debug|x86
		{A2E884DE-0511-4982-BFE5-930BBC658AB7}.Debug|Mixed Platforms.ActiveCfg = Debug|x86
		{A2E884DE-0511-4982-BFE5-930BBC658AB7}.Debug|Mixed Platforms.Build.0 = Debug|x86
		{A2E884DE-0511-4982-BFE5-930BBC658AB7}.Debug|x64.ActiveCfg = Debug|x86
		{A2E884DE-0511-4982-BFE5-930BBC658AB7}.Debug|x86.ActiveCfg = Debug|x86
		{A2E884DE-0511-4982-BFE5-930BBC658AB7}.Debug|x86.Build.0 = Debug|x86
		{A2E884DE-0511-4982-BFE5-930BBC658AB7}.Release|Any CPU.ActiveCfg = Release|x86
		{A2E884DE-0511-4982-BFE5-930BBC658AB7}.Release|Mixed Platforms.ActiveCfg = Release|x86
		{A2E884DE-0511-4982-BFE5-930BBC658AB7}.Release|Mixed Platforms.Build.0 = Release|x86
		{A2E884DE-0511-4982-BFE5-930BBC658AB7}.Release|x64.ActiveCfg = Release|x86
		{A2E884DE-0511-4982-BFE5-930BBC658AB7}.Release|x86.ActiveCfg = Release|x86
		{A2E884DE-0511-4982-BFE5-930BBC658AB7}.Release|x86.Build.0 = Release|x86
		{CE2EC111-01CE-4860-9243-798E7AAD083C}.Debug|Any CPU.ActiveCfg = Debug|x86
		{CE2EC111-01CE-4860-9243-798E7AAD083C}.Debug|Mixed Platforms.ActiveCfg = Debug|x86
		{CE2EC111-01CE-4860-9243-798E7AAD083C}.Debug|Mixed Platforms.Build.0 = Debug|x86
		{CE2EC111-01CE-4860-9243-798E7AAD083C}.Debug|x64.ActiveCfg = Debug|x86
		{CE2EC111-01CE-4860-9243-798E7AAD083C}.Debug|x86.ActiveCfg = Debug|x86
		{CE2EC111-01CE-4860-9243-798E7AAD083C}.Debug|x86.Build.0 = Debug|x86
		{CE2EC111-01CE-4860-9243-798E7AAD083C}.Release|Any CPU.ActiveCfg = Release|x86
		{CE2EC111-01CE-4860-9243-798E7AAD083C}.Release|Mixed Platforms.ActiveCfg = Release|x86
		{CE2EC111-01CE-4860-9243-798E7AAD083C}.Release|Mixed Platforms.Build.0 = Release|x86
		{CE2EC111-01CE-4860-9243-798E7AAD083C}.Release|x64.ActiveCfg = Release|x86
		{CE2EC111-01CE-4860-9243-798E7AAD083C}.Release|x86.ActiveCfg = Release|x86
		{CE2EC111-01CE-4860-9243-798E7AAD083C}.Release|x86.Build.0 = Release|x86
	EndGlobalSection
	GlobalSection(SolutionProperties) = preSolution
		HideSolutionNode = FALSE
	EndGlobalSection
EndGlobal
